// !$*UTF8*$!
{
	archiveVersion = 1;
	classes = {
	};
	objectVersion = 56;
	objects = {

/* Begin PBXBuildFile section */
		5319F464290A67ED00D91DF5 /* PokeAPIApp.swift in Sources */ = {isa = PBXBuildFile; fileRef = 5319F463290A67ED00D91DF5 /* PokeAPIApp.swift */; };
		5319F466290A67ED00D91DF5 /* ContentView.swift in Sources */ = {isa = PBXBuildFile; fileRef = 5319F465290A67ED00D91DF5 /* ContentView.swift */; };
		5319F468290A67EE00D91DF5 /* Assets.xcassets in Resources */ = {isa = PBXBuildFile; fileRef = 5319F467290A67EE00D91DF5 /* Assets.xcassets */; };
		5319F46C290A67EE00D91DF5 /* Preview Assets.xcassets in Resources */ = {isa = PBXBuildFile; fileRef = 5319F46B290A67EE00D91DF5 /* Preview Assets.xcassets */; };
		5319F476290A67EE00D91DF5 /* PokeAPITests.swift in Sources */ = {isa = PBXBuildFile; fileRef = 5319F475290A67EE00D91DF5 /* PokeAPITests.swift */; };
		5319F480290A67EE00D91DF5 /* PokeAPIUITests.swift in Sources */ = {isa = PBXBuildFile; fileRef = 5319F47F290A67EE00D91DF5 /* PokeAPIUITests.swift */; };
		5319F482290A67EE00D91DF5 /* PokeAPIUITestsLaunchTests.swift in Sources */ = {isa = PBXBuildFile; fileRef = 5319F481290A67EE00D91DF5 /* PokeAPIUITestsLaunchTests.swift */; };
/* End PBXBuildFile section */

/* Begin PBXContainerItemProxy section */
		5319F472290A67EE00D91DF5 /* PBXContainerItemProxy */ = {
			isa = PBXContainerItemProxy;
			containerPortal = 5319F458290A67ED00D91DF5 /* Project object */;
			proxyType = 1;
			remoteGlobalIDString = 5319F45F290A67ED00D91DF5;
			remoteInfo = PokeAPI;
		};
		5319F47C290A67EE00D91DF5 /* PBXContainerItemProxy */ = {
			isa = PBXContainerItemProxy;
			containerPortal = 5319F458290A67ED00D91DF5 /* Project object */;
			proxyType = 1;
			remoteGlobalIDString = 5319F45F290A67ED00D91DF5;
			remoteInfo = PokeAPI;
		};
/* End PBXContainerItemProxy section */

/* Begin PBXFileReference section */
		5319F460290A67ED00D91DF5 /* PokeAPI.app */ = {isa = PBXFileReference; explicitFileType = wrapper.application; includeInIndex = 0; path = PokeAPI.app; sourceTree = BUILT_PRODUCTS_DIR; };
		5319F463290A67ED00D91DF5 /* PokeAPIApp.swift */ = {isa = PBXFileReference; lastKnownFileType = sourcecode.swift; path = PokeAPIApp.swift; sourceTree = "<group>"; };
		5319F465290A67ED00D91DF5 /* ContentView.swift */ = {isa = PBXFileReference; lastKnownFileType = sourcecode.swift; path = ContentView.swift; sourceTree = "<group>"; };
		5319F467290A67EE00D91DF5 /* Assets.xcassets */ = {isa = PBXFileReference; lastKnownFileType = folder.assetcatalog; path = Assets.xcassets; sourceTree = "<group>"; };
		5319F469290A67EE00D91DF5 /* PokeAPI.entitlements */ = {isa = PBXFileReference; lastKnownFileType = text.plist.entitlements; path = PokeAPI.entitlements; sourceTree = "<group>"; };
		5319F46B290A67EE00D91DF5 /* Preview Assets.xcassets */ = {isa = PBXFileReference; lastKnownFileType = folder.assetcatalog; path = "Preview Assets.xcassets"; sourceTree = "<group>"; };
		5319F471290A67EE00D91DF5 /* PokeAPITests.xctest */ = {isa = PBXFileReference; explicitFileType = wrapper.cfbundle; includeInIndex = 0; path = PokeAPITests.xctest; sourceTree = BUILT_PRODUCTS_DIR; };
		5319F475290A67EE00D91DF5 /* PokeAPITests.swift */ = {isa = PBXFileReference; lastKnownFileType = sourcecode.swift; path = PokeAPITests.swift; sourceTree = "<group>"; };
		5319F47B290A67EE00D91DF5 /* PokeAPIUITests.xctest */ = {isa = PBXFileReference; explicitFileType = wrapper.cfbundle; includeInIndex = 0; path = PokeAPIUITests.xctest; sourceTree = BUILT_PRODUCTS_DIR; };
		5319F47F290A67EE00D91DF5 /* PokeAPIUITests.swift */ = {isa = PBXFileReference; lastKnownFileType = sourcecode.swift; path = PokeAPIUITests.swift; sourceTree = "<group>"; };
		5319F481290A67EE00D91DF5 /* PokeAPIUITestsLaunchTests.swift */ = {isa = PBXFileReference; lastKnownFileType = sourcecode.swift; path = PokeAPIUITestsLaunchTests.swift; sourceTree = "<group>"; };
		5319F48E290A72C200D91DF5 /* PokeAPI-Lib */ = {isa = PBXFileReference; lastKnownFileType = wrapper; name = "PokeAPI-Lib"; path = "../../PokeAPI-Lib"; sourceTree = "<group>"; };
/* End PBXFileReference section */

/* Begin PBXFrameworksBuildPhase section */
		5319F45D290A67ED00D91DF5 /* Frameworks */ = {
			isa = PBXFrameworksBuildPhase;
			buildActionMask = 2147483647;
			files = (
			);
			runOnlyForDeploymentPostprocessing = 0;
		};
		5319F46E290A67EE00D91DF5 /* Frameworks */ = {
			isa = PBXFrameworksBuildPhase;
			buildActionMask = 2147483647;
			files = (
			);
			runOnlyForDeploymentPostprocessing = 0;
		};
		5319F478290A67EE00D91DF5 /* Frameworks */ = {
			isa = PBXFrameworksBuildPhase;
			buildActionMask = 2147483647;
			files = (
			);
			runOnlyForDeploymentPostprocessing = 0;
		};
/* End PBXFrameworksBuildPhase section */

/* Begin PBXGroup section */
		5319F457290A67ED00D91DF5 = {
			isa = PBXGroup;
			children = (
				5319F462290A67ED00D91DF5 /* PokeAPI */,
				5319F474290A67EE00D91DF5 /* PokeAPITests */,
				5319F47E290A67EE00D91DF5 /* PokeAPIUITests */,
				5319F461290A67ED00D91DF5 /* Products */,
			);
			sourceTree = "<group>";
		};
		5319F461290A67ED00D91DF5 /* Products */ = {
			isa = PBXGroup;
			children = (
				5319F460290A67ED00D91DF5 /* PokeAPI.app */,
				5319F471290A67EE00D91DF5 /* PokeAPITests.xctest */,
				5319F47B290A67EE00D91DF5 /* PokeAPIUITests.xctest */,
			);
			name = Products;
			sourceTree = "<group>";
		};
		5319F462290A67ED00D91DF5 /* PokeAPI */ = {
			isa = PBXGroup;
			children = (
				5319F48E290A72C200D91DF5 /* PokeAPI-Lib */,
				5319F463290A67ED00D91DF5 /* PokeAPIApp.swift */,
				5319F465290A67ED00D91DF5 /* ContentView.swift */,
				5319F467290A67EE00D91DF5 /* Assets.xcassets */,
				5319F469290A67EE00D91DF5 /* PokeAPI.entitlements */,
				5319F46A290A67EE00D91DF5 /* Preview Content */,
			);
			path = PokeAPI;
			sourceTree = "<group>";
		};
		5319F46A290A67EE00D91DF5 /* Preview Content */ = {
			isa = PBXGroup;
			children = (
				5319F46B290A67EE00D91DF5 /* Preview Assets.xcassets */,
			);
			path = "Preview Content";
			sourceTree = "<group>";
		};
		5319F474290A67EE00D91DF5 /* PokeAPITests */ = {
			isa = PBXGroup;
			children = (
				5319F475290A67EE00D91DF5 /* PokeAPITests.swift */,
			);
			path = PokeAPITests;
			sourceTree = "<group>";
		};
		5319F47E290A67EE00D91DF5 /* PokeAPIUITests */ = {
			isa = PBXGroup;
			children = (
				5319F47F290A67EE00D91DF5 /* PokeAPIUITests.swift */,
				5319F481290A67EE00D91DF5 /* PokeAPIUITestsLaunchTests.swift */,
			);
			path = PokeAPIUITests;
			sourceTree = "<group>";
		};
/* End PBXGroup section */

/* Begin PBXNativeTarget section */
		5319F45F290A67ED00D91DF5 /* PokeAPI */ = {
			isa = PBXNativeTarget;
			buildConfigurationList = 5319F485290A67EE00D91DF5 /* Build configuration list for PBXNativeTarget "PokeAPI" */;
			buildPhases = (
				5319F45C290A67ED00D91DF5 /* Sources */,
				5319F45D290A67ED00D91DF5 /* Frameworks */,
				5319F45E290A67ED00D91DF5 /* Resources */,
			);
			buildRules = (
			);
			dependencies = (
			);
			name = PokeAPI;
			productName = PokeAPI;
			productReference = 5319F460290A67ED00D91DF5 /* PokeAPI.app */;
			productType = "com.apple.product-type.application";
		};
		5319F470290A67EE00D91DF5 /* PokeAPITests */ = {
			isa = PBXNativeTarget;
			buildConfigurationList = 5319F488290A67EE00D91DF5 /* Build configuration list for PBXNativeTarget "PokeAPITests" */;
			buildPhases = (
				5319F46D290A67EE00D91DF5 /* Sources */,
				5319F46E290A67EE00D91DF5 /* Frameworks */,
				5319F46F290A67EE00D91DF5 /* Resources */,
			);
			buildRules = (
			);
			dependencies = (
				5319F473290A67EE00D91DF5 /* PBXTargetDependency */,
			);
			name = PokeAPITests;
			productName = PokeAPITests;
			productReference = 5319F471290A67EE00D91DF5 /* PokeAPITests.xctest */;
			productType = "com.apple.product-type.bundle.unit-test";
		};
		5319F47A290A67EE00D91DF5 /* PokeAPIUITests */ = {
			isa = PBXNativeTarget;
			buildConfigurationList = 5319F48B290A67EE00D91DF5 /* Build configuration list for PBXNativeTarget "PokeAPIUITests" */;
			buildPhases = (
				5319F477290A67EE00D91DF5 /* Sources */,
				5319F478290A67EE00D91DF5 /* Frameworks */,
				5319F479290A67EE00D91DF5 /* Resources */,
			);
			buildRules = (
			);
			dependencies = (
				5319F47D290A67EE00D91DF5 /* PBXTargetDependency */,
			);
			name = PokeAPIUITests;
			productName = PokeAPIUITests;
			productReference = 5319F47B290A67EE00D91DF5 /* PokeAPIUITests.xctest */;
			productType = "com.apple.product-type.bundle.ui-testing";
		};
/* End PBXNativeTarget section */

/* Begin PBXProject section */
		5319F458290A67ED00D91DF5 /* Project object */ = {
			isa = PBXProject;
			attributes = {
				BuildIndependentTargetsInParallel = 1;
				LastSwiftUpdateCheck = 1400;
				LastUpgradeCheck = 1400;
				TargetAttributes = {
					5319F45F290A67ED00D91DF5 = {
						CreatedOnToolsVersion = 14.0.1;
					};
					5319F470290A67EE00D91DF5 = {
						CreatedOnToolsVersion = 14.0.1;
						TestTargetID = 5319F45F290A67ED00D91DF5;
					};
					5319F47A290A67EE00D91DF5 = {
						CreatedOnToolsVersion = 14.0.1;
						TestTargetID = 5319F45F290A67ED00D91DF5;
					};
				};
			};
			buildConfigurationList = 5319F45B290A67ED00D91DF5 /* Build configuration list for PBXProject "PokeAPI" */;
			compatibilityVersion = "Xcode 14.0";
			developmentRegion = en;
			hasScannedForEncodings = 0;
			knownRegions = (
				en,
				Base,
			);
			mainGroup = 5319F457290A67ED00D91DF5;
			productRefGroup = 5319F461290A67ED00D91DF5 /* Products */;
			projectDirPath = "";
			projectRoot = "";
			targets = (
				5319F45F290A67ED00D91DF5 /* PokeAPI */,
				5319F470290A67EE00D91DF5 /* PokeAPITests */,
				5319F47A290A67EE00D91DF5 /* PokeAPIUITests */,
			);
		};
/* End PBXProject section */

/* Begin PBXResourcesBuildPhase section */
		5319F45E290A67ED00D91DF5 /* Resources */ = {
			isa = PBXResourcesBuildPhase;
			buildActionMask = 2147483647;
			files = (
				5319F46C290A67EE00D91DF5 /* Preview Assets.xcassets in Resources */,
				5319F468290A67EE00D91DF5 /* Assets.xcassets in Resources */,
			);
			runOnlyForDeploymentPostprocessing = 0;
		};
		5319F46F290A67EE00D91DF5 /* Resources */ = {
			isa = PBXResourcesBuildPhase;
			buildActionMask = 2147483647;
			files = (
			);
			runOnlyForDeploymentPostprocessing = 0;
		};
		5319F479290A67EE00D91DF5 /* Resources */ = {
			isa = PBXResourcesBuildPhase;
			buildActionMask = 2147483647;
			files = (
			);
			runOnlyForDeploymentPostprocessing = 0;
		};
/* End PBXResourcesBuildPhase section */

/* Begin PBXSourcesBuildPhase section */
		5319F45C290A67ED00D91DF5 /* Sources */ = {
			isa = PBXSourcesBuildPhase;
			buildActionMask = 2147483647;
			files = (
				5319F466290A67ED00D91DF5 /* ContentView.swift in Sources */,
				5319F464290A67ED00D91DF5 /* PokeAPIApp.swift in Sources */,
			);
			runOnlyForDeploymentPostprocessing = 0;
		};
		5319F46D290A67EE00D91DF5 /* Sources */ = {
			isa = PBXSourcesBuildPhase;
			buildActionMask = 2147483647;
			files = (
				5319F476290A67EE00D91DF5 /* PokeAPITests.swift in Sources */,
			);
			runOnlyForDeploymentPostprocessing = 0;
		};
		5319F477290A67EE00D91DF5 /* Sources */ = {
			isa = PBXSourcesBuildPhase;
			buildActionMask = 2147483647;
			files = (
				5319F482290A67EE00D91DF5 /* PokeAPIUITestsLaunchTests.swift in Sources */,
				5319F480290A67EE00D91DF5 /* PokeAPIUITests.swift in Sources */,
			);
			runOnlyForDeploymentPostprocessing = 0;
		};
/* End PBXSourcesBuildPhase section */

/* Begin PBXTargetDependency section */
		5319F473290A67EE00D91DF5 /* PBXTargetDependency */ = {
			isa = PBXTargetDependency;
			target = 5319F45F290A67ED00D91DF5 /* PokeAPI */;
			targetProxy = 5319F472290A67EE00D91DF5 /* PBXContainerItemProxy */;
		};
		5319F47D290A67EE00D91DF5 /* PBXTargetDependency */ = {
			isa = PBXTargetDependency;
			target = 5319F45F290A67ED00D91DF5 /* PokeAPI */;
			targetProxy = 5319F47C290A67EE00D91DF5 /* PBXContainerItemProxy */;
		};
/* End PBXTargetDependency section */

/* Begin XCBuildConfiguration section */
		5319F483290A67EE00D91DF5 /* Debug */ = {
			isa = XCBuildConfiguration;
			buildSettings = {
				ALWAYS_SEARCH_USER_PATHS = NO;
				CLANG_ANALYZER_NONNULL = YES;
				CLANG_ANALYZER_NUMBER_OBJECT_CONVERSION = YES_AGGRESSIVE;
				CLANG_CXX_LANGUAGE_STANDARD = "gnu++20";
				CLANG_ENABLE_MODULES = YES;
				CLANG_ENABLE_OBJC_ARC = YES;
				CLANG_ENABLE_OBJC_WEAK = YES;
				CLANG_WARN_BLOCK_CAPTURE_AUTORELEASING = YES;
				CLANG_WARN_BOOL_CONVERSION = YES;
				CLANG_WARN_COMMA = YES;
				CLANG_WARN_CONSTANT_CONVERSION = YES;
				CLANG_WARN_DEPRECATED_OBJC_IMPLEMENTATIONS = YES;
				CLANG_WARN_DIRECT_OBJC_ISA_USAGE = YES_ERROR;
				CLANG_WARN_DOCUMENTATION_COMMENTS = YES;
				CLANG_WARN_EMPTY_BODY = YES;
				CLANG_WARN_ENUM_CONVERSION = YES;
				CLANG_WARN_INFINITE_RECURSION = YES;
				CLANG_WARN_INT_CONVERSION = YES;
				CLANG_WARN_NON_LITERAL_NULL_CONVERSION = YES;
				CLANG_WARN_OBJC_IMPLICIT_RETAIN_SELF = YES;
				CLANG_WARN_OBJC_LITERAL_CONVERSION = YES;
				CLANG_WARN_OBJC_ROOT_CLASS = YES_ERROR;
				CLANG_WARN_QUOTED_INCLUDE_IN_FRAMEWORK_HEADER = YES;
				CLANG_WARN_RANGE_LOOP_ANALYSIS = YES;
				CLANG_WARN_STRICT_PROTOTYPES = YES;
				CLANG_WARN_SUSPICIOUS_MOVE = YES;
				CLANG_WARN_UNGUARDED_AVAILABILITY = YES_AGGRESSIVE;
				CLANG_WARN_UNREACHABLE_CODE = YES;
				CLANG_WARN__DUPLICATE_METHOD_MATCH = YES;
				COPY_PHASE_STRIP = NO;
				DEBUG_INFORMATION_FORMAT = dwarf;
				ENABLE_STRICT_OBJC_MSGSEND = YES;
				ENABLE_TESTABILITY = YES;
				GCC_C_LANGUAGE_STANDARD = gnu11;
				GCC_DYNAMIC_NO_PIC = NO;
				GCC_NO_COMMON_BLOCKS = YES;
				GCC_OPTIMIZATION_LEVEL = 0;
				GCC_PREPROCESSOR_DEFINITIONS = (
					"DEBUG=1",
					"$(inherited)",
				);
				GCC_WARN_64_TO_32_BIT_CONVERSION = YES;
				GCC_WARN_ABOUT_RETURN_TYPE = YES_ERROR;
				GCC_WARN_UNDECLARED_SELECTOR = YES;
				GCC_WARN_UNINITIALIZED_AUTOS = YES_AGGRESSIVE;
				GCC_WARN_UNUSED_FUNCTION = YES;
				GCC_WARN_UNUSED_VARIABLE = YES;
				MTL_ENABLE_DEBUG_INFO = INCLUDE_SOURCE;
				MTL_FAST_MATH = YES;
				ONLY_ACTIVE_ARCH = YES;
				SWIFT_ACTIVE_COMPILATION_CONDITIONS = DEBUG;
				SWIFT_OPTIMIZATION_LEVEL = "-Onone";
			};
			name = Debug;
		};
		5319F484290A67EE00D91DF5 /* Release */ = {
			isa = XCBuildConfiguration;
			buildSettings = {
				ALWAYS_SEARCH_USER_PATHS = NO;
				CLANG_ANALYZER_NONNULL = YES;
				CLANG_ANALYZER_NUMBER_OBJECT_CONVERSION = YES_AGGRESSIVE;
				CLANG_CXX_LANGUAGE_STANDARD = "gnu++20";
				CLANG_ENABLE_MODULES = YES;
				CLANG_ENABLE_OBJC_ARC = YES;
				CLANG_ENABLE_OBJC_WEAK = YES;
				CLANG_WARN_BLOCK_CAPTURE_AUTORELEASING = YES;
				CLANG_WARN_BOOL_CONVERSION = YES;
				CLANG_WARN_COMMA = YES;
				CLANG_WARN_CONSTANT_CONVERSION = YES;
				CLANG_WARN_DEPRECATED_OBJC_IMPLEMENTATIONS = YES;
				CLANG_WARN_DIRECT_OBJC_ISA_USAGE = YES_ERROR;
				CLANG_WARN_DOCUMENTATION_COMMENTS = YES;
				CLANG_WARN_EMPTY_BODY = YES;
				CLANG_WARN_ENUM_CONVERSION = YES;
				CLANG_WARN_INFINITE_RECURSION = YES;
				CLANG_WARN_INT_CONVERSION = YES;
				CLANG_WARN_NON_LITERAL_NULL_CONVERSION = YES;
				CLANG_WARN_OBJC_IMPLICIT_RETAIN_SELF = YES;
				CLANG_WARN_OBJC_LITERAL_CONVERSION = YES;
				CLANG_WARN_OBJC_ROOT_CLASS = YES_ERROR;
				CLANG_WARN_QUOTED_INCLUDE_IN_FRAMEWORK_HEADER = YES;
				CLANG_WARN_RANGE_LOOP_ANALYSIS = YES;
				CLANG_WARN_STRICT_PROTOTYPES = YES;
				CLANG_WARN_SUSPICIOUS_MOVE = YES;
				CLANG_WARN_UNGUARDED_AVAILABILITY = YES_AGGRESSIVE;
				CLANG_WARN_UNREACHABLE_CODE = YES;
				CLANG_WARN__DUPLICATE_METHOD_MATCH = YES;
				COPY_PHASE_STRIP = NO;
				DEBUG_INFORMATION_FORMAT = "dwarf-with-dsym";
				ENABLE_NS_ASSERTIONS = NO;
				ENABLE_STRICT_OBJC_MSGSEND = YES;
				GCC_C_LANGUAGE_STANDARD = gnu11;
				GCC_NO_COMMON_BLOCKS = YES;
				GCC_WARN_64_TO_32_BIT_CONVERSION = YES;
				GCC_WARN_ABOUT_RETURN_TYPE = YES_ERROR;
				GCC_WARN_UNDECLARED_SELECTOR = YES;
				GCC_WARN_UNINITIALIZED_AUTOS = YES_AGGRESSIVE;
				GCC_WARN_UNUSED_FUNCTION = YES;
				GCC_WARN_UNUSED_VARIABLE = YES;
				MTL_ENABLE_DEBUG_INFO = NO;
				MTL_FAST_MATH = YES;
				SWIFT_COMPILATION_MODE = wholemodule;
				SWIFT_OPTIMIZATION_LEVEL = "-O";
			};
			name = Release;
		};
		5319F486290A67EE00D91DF5 /* Debug */ = {
			isa = XCBuildConfiguration;
			buildSettings = {
				ASSETCATALOG_COMPILER_APPICON_NAME = AppIcon;
				ASSETCATALOG_COMPILER_GLOBAL_ACCENT_COLOR_NAME = AccentColor;
				CODE_SIGN_ENTITLEMENTS = PokeAPI/PokeAPI.entitlements;
				CODE_SIGN_STYLE = Automatic;
				CURRENT_PROJECT_VERSION = 1;
				DEVELOPMENT_ASSET_PATHS = "\"PokeAPI/Preview Content\"";
				ENABLE_PREVIEWS = YES;
				GENERATE_INFOPLIST_FILE = YES;
				"INFOPLIST_KEY_UIApplicationSceneManifest_Generation[sdk=iphoneos*]" = YES;
				"INFOPLIST_KEY_UIApplicationSceneManifest_Generation[sdk=iphonesimulator*]" = YES;
				"INFOPLIST_KEY_UIApplicationSupportsIndirectInputEvents[sdk=iphoneos*]" = YES;
				"INFOPLIST_KEY_UIApplicationSupportsIndirectInputEvents[sdk=iphonesimulator*]" = YES;
				"INFOPLIST_KEY_UILaunchScreen_Generation[sdk=iphoneos*]" = YES;
				"INFOPLIST_KEY_UILaunchScreen_Generation[sdk=iphonesimulator*]" = YES;
				"INFOPLIST_KEY_UIStatusBarStyle[sdk=iphoneos*]" = UIStatusBarStyleDefault;
				"INFOPLIST_KEY_UIStatusBarStyle[sdk=iphonesimulator*]" = UIStatusBarStyleDefault;
				INFOPLIST_KEY_UISupportedInterfaceOrientations_iPad = "UIInterfaceOrientationPortrait UIInterfaceOrientationPortraitUpsideDown UIInterfaceOrientationLandscapeLeft UIInterfaceOrientationLandscapeRight";
				INFOPLIST_KEY_UISupportedInterfaceOrientations_iPhone = "UIInterfaceOrientationPortrait UIInterfaceOrientationLandscapeLeft UIInterfaceOrientationLandscapeRight";
				IPHONEOS_DEPLOYMENT_TARGET = 16.0;
				LD_RUNPATH_SEARCH_PATHS = "@executable_path/Frameworks";
				"LD_RUNPATH_SEARCH_PATHS[sdk=macosx*]" = "@executable_path/../Frameworks";
				MACOSX_DEPLOYMENT_TARGET = 12.3;
				MARKETING_VERSION = 1.0;
				PRODUCT_BUNDLE_IDENTIFIER = com.swiftbrainz.PokeAPI;
				PRODUCT_NAME = "$(TARGET_NAME)";
				SDKROOT = auto;
				SUPPORTED_PLATFORMS = "iphoneos iphonesimulator macosx";
				SWIFT_EMIT_LOC_STRINGS = YES;
				SWIFT_VERSION = 5.0;
				TARGETED_DEVICE_FAMILY = "1,2";
			};
			name = Debug;
		};
		5319F487290A67EE00D91DF5 /* Release */ = {
			isa = XCBuildConfiguration;
			buildSettings = {
				ASSETCATALOG_COMPILER_APPICON_NAME = AppIcon;
				ASSETCATALOG_COMPILER_GLOBAL_ACCENT_COLOR_NAME = AccentColor;
				CODE_SIGN_ENTITLEMENTS = PokeAPI/PokeAPI.entitlements;
				CODE_SIGN_STYLE = Automatic;
				CURRENT_PROJECT_VERSION = 1;
				DEVELOPMENT_ASSET_PATHS = "\"PokeAPI/Preview Content\"";
				ENABLE_PREVIEWS = YES;
				GENERATE_INFOPLIST_FILE = YES;
				"INFOPLIST_KEY_UIApplicationSceneManifest_Generation[sdk=iphoneos*]" = YES;
				"INFOPLIST_KEY_UIApplicationSceneManifest_Generation[sdk=iphonesimulator*]" = YES;
				"INFOPLIST_KEY_UIApplicationSupportsIndirectInputEvents[sdk=iphoneos*]" = YES;
				"INFOPLIST_KEY_UIApplicationSupportsIndirectInputEvents[sdk=iphonesimulator*]" = YES;
				"INFOPLIST_KEY_UILaunchScreen_Generation[sdk=iphoneos*]" = YES;
				"INFOPLIST_KEY_UILaunchScreen_Generation[sdk=iphonesimulator*]" = YES;
				"INFOPLIST_KEY_UIStatusBarStyle[sdk=iphoneos*]" = UIStatusBarStyleDefault;
				"INFOPLIST_KEY_UIStatusBarStyle[sdk=iphonesimulator*]" = UIStatusBarStyleDefault;
				INFOPLIST_KEY_UISupportedInterfaceOrientations_iPad = "UIInterfaceOrientationPortrait UIInterfaceOrientationPortraitUpsideDown UIInterfaceOrientationLandscapeLeft UIInterfaceOrientationLandscapeRight";
				INFOPLIST_KEY_UISupportedInterfaceOrientations_iPhone = "UIInterfaceOrientationPortrait UIInterfaceOrientationLandscapeLeft UIInterfaceOrientationLandscapeRight";
				IPHONEOS_DEPLOYMENT_TARGET = 16.0;
				LD_RUNPATH_SEARCH_PATHS = "@executable_path/Frameworks";
				"LD_RUNPATH_SEARCH_PATHS[sdk=macosx*]" = "@executable_path/../Frameworks";
				MACOSX_DEPLOYMENT_TARGET = 12.3;
				MARKETING_VERSION = 1.0;
				PRODUCT_BUNDLE_IDENTIFIER = com.swiftbrainz.PokeAPI;
				PRODUCT_NAME = "$(TARGET_NAME)";
				SDKROOT = auto;
				SUPPORTED_PLATFORMS = "iphoneos iphonesimulator macosx";
				SWIFT_EMIT_LOC_STRINGS = YES;
				SWIFT_VERSION = 5.0;
				TARGETED_DEVICE_FAMILY = "1,2";
			};
			name = Release;
		};
		5319F489290A67EE00D91DF5 /* Debug */ = {
			isa = XCBuildConfiguration;
			buildSettings = {
				ALWAYS_EMBED_SWIFT_STANDARD_LIBRARIES = YES;
				BUNDLE_LOADER = "$(TEST_HOST)";
				CODE_SIGN_STYLE = Automatic;
				CURRENT_PROJECT_VERSION = 1;
				GENERATE_INFOPLIST_FILE = YES;
				IPHONEOS_DEPLOYMENT_TARGET = 16.0;
				MACOSX_DEPLOYMENT_TARGET = 12.3;
				MARKETING_VERSION = 1.0;
				PRODUCT_BUNDLE_IDENTIFIER = com.swiftbrainz.PokeAPITests;
				PRODUCT_NAME = "$(TARGET_NAME)";
				SDKROOT = auto;
				SUPPORTED_PLATFORMS = "iphoneos iphonesimulator macosx";
				SWIFT_EMIT_LOC_STRINGS = NO;
				SWIFT_VERSION = 5.0;
				TARGETED_DEVICE_FAMILY = "1,2";
				TEST_HOST = "$(BUILT_PRODUCTS_DIR)/PokeAPI.app/$(BUNDLE_EXECUTABLE_FOLDER_PATH)/PokeAPI";
			};
			name = Debug;
		};
		5319F48A290A67EE00D91DF5 /* Release */ = {
			isa = XCBuildConfiguration;
			buildSettings = {
				ALWAYS_EMBED_SWIFT_STANDARD_LIBRARIES = YES;
				BUNDLE_LOADER = "$(TEST_HOST)";
				CODE_SIGN_STYLE = Automatic;
				CURRENT_PROJECT_VERSION = 1;
				GENERATE_INFOPLIST_FILE = YES;
				IPHONEOS_DEPLOYMENT_TARGET = 16.0;
				MACOSX_DEPLOYMENT_TARGET = 12.3;
				MARKETING_VERSION = 1.0;
				PRODUCT_BUNDLE_IDENTIFIER = com.swiftbrainz.PokeAPITests;
				PRODUCT_NAME = "$(TARGET_NAME)";
				SDKROOT = auto;
				SUPPORTED_PLATFORMS = "iphoneos iphonesimulator macosx";
				SWIFT_EMIT_LOC_STRINGS = NO;
				SWIFT_VERSION = 5.0;
				TARGETED_DEVICE_FAMILY = "1,2";
				TEST_HOST = "$(BUILT_PRODUCTS_DIR)/PokeAPI.app/$(BUNDLE_EXECUTABLE_FOLDER_PATH)/PokeAPI";
			};
			name = Release;
		};
		5319F48C290A67EE00D91DF5 /* Debug */ = {
			isa = XCBuildConfiguration;
			buildSettings = {
				ALWAYS_EMBED_SWIFT_STANDARD_LIBRARIES = YES;
				CODE_SIGN_STYLE = Automatic;
				CURRENT_PROJECT_VERSION = 1;
				GENERATE_INFOPLIST_FILE = YES;
				IPHONEOS_DEPLOYMENT_TARGET = 16.0;
				MACOSX_DEPLOYMENT_TARGET = 12.3;
				MARKETING_VERSION = 1.0;
				PRODUCT_BUNDLE_IDENTIFIER = com.swiftbrainz.PokeAPIUITests;
				PRODUCT_NAME = "$(TARGET_NAME)";
				SDKROOT = auto;
				SUPPORTED_PLATFORMS = "iphoneos iphonesimulator macosx";
				SWIFT_EMIT_LOC_STRINGS = NO;
				SWIFT_VERSION = 5.0;
				TARGETED_DEVICE_FAMILY = "1,2";
				TEST_TARGET_NAME = PokeAPI;
			};
			name = Debug;
		};
		5319F48D290A67EE00D91DF5 /* Release */ = {
			isa = XCBuildConfiguration;
			buildSettings = {
				ALWAYS_EMBED_SWIFT_STANDARD_LIBRARIES = YES;
				CODE_SIGN_STYLE = Automatic;
				CURRENT_PROJECT_VERSION = 1;
				GENERATE_INFOPLIST_FILE = YES;
				IPHONEOS_DEPLOYMENT_TARGET = 16.0;
				MACOSX_DEPLOYMENT_TARGET = 12.3;
				MARKETING_VERSION = 1.0;
				PRODUCT_BUNDLE_IDENTIFIER = com.swiftbrainz.PokeAPIUITests;
				PRODUCT_NAME = "$(TARGET_NAME)";
				SDKROOT = auto;
				SUPPORTED_PLATFORMS = "iphoneos iphonesimulator macosx";
				SWIFT_EMIT_LOC_STRINGS = NO;
				SWIFT_VERSION = 5.0;
				TARGETED_DEVICE_FAMILY = "1,2";
				TEST_TARGET_NAME = PokeAPI;
			};
			name = Release;
		};
/* End XCBuildConfiguration section */

/* Begin XCConfigurationList section */
		5319F45B290A67ED00D91DF5 /* Build configuration list for PBXProject "PokeAPI" */ = {
			isa = XCConfigurationList;
			buildConfigurations = (
				5319F483290A67EE00D91DF5 /* Debug */,
				5319F484290A67EE00D91DF5 /* Release */,
			);
			defaultConfigurationIsVisible = 0;
			defaultConfigurationName = Release;
		};
		5319F485290A67EE00D91DF5 /* Build configuration list for PBXNativeTarget "PokeAPI" */ = {
			isa = XCConfigurationList;
			buildConfigurations = (
				5319F486290A67EE00D91DF5 /* Debug */,
				5319F487290A67EE00D91DF5 /* Release */,
			);
			defaultConfigurationIsVisible = 0;
			defaultConfigurationName = Release;
		};
		5319F488290A67EE00D91DF5 /* Build configuration list for PBXNativeTarget "PokeAPITests" */ = {
			isa = XCConfigurationList;
			buildConfigurations = (
				5319F489290A67EE00D91DF5 /* Debug */,
				5319F48A290A67EE00D91DF5 /* Release */,
			);
			defaultConfigurationIsVisible = 0;
			defaultConfigurationName = Release;
		};
		5319F48B290A67EE00D91DF5 /* Build configuration list for PBXNativeTarget "PokeAPIUITests" */ = {
			isa = XCConfigurationList;
			buildConfigurations = (
				5319F48C290A67EE00D91DF5 /* Debug */,
				5319F48D290A67EE00D91DF5 /* Release */,
			);
			defaultConfigurationIsVisible = 0;
			defaultConfigurationName = Release;
		};
/* End XCConfigurationList section */
	};
	rootObject = 5319F458290A67ED00D91DF5 /* Project object */;
}
